
Microsoft Visual Studio Solution File, Format Version 12.00
# Visual Studio 2017
Project("{FAE04EC0-301F-11D3-BF4B-00C04F79EFBC}") = "MotiveToUnity_UnityProject", "MotiveToUnity_UnityProject.csproj", "{3169B0B4-BEC9-3A7C-24B8-37A6D3AAAC82}"
EndProject
Project("{FAE04EC0-301F-11D3-BF4B-00C04F79EFBC}") = "MotiveToUnity_UnityProject.Editor", "MotiveToUnity_UnityProject.Editor.csproj", "{FEF5DC42-8728-487E-0404-4FE024D4564C}"
EndProject
Global
	GlobalSection(SolutionConfigurationPlatforms) = preSolution
		Debug|Any CPU = Debug|Any CPU
		Release|Any CPU = Release|Any CPU
	EndGlobalSection
	GlobalSection(ProjectConfigurationPlatforms) = postSolution
		{3169B0B4-BEC9-3A7C-24B8-37A6D3AAAC82}.Debug|Any CPU.ActiveCfg = Debug|Any CPU
		{3169B0B4-BEC9-3A7C-24B8-37A6D3AAAC82}.Debug|Any CPU.Build.0 = Debug|Any CPU
		{3169B0B4-BEC9-3A7C-24B8-37A6D3AAAC82}.Release|Any CPU.ActiveCfg = Release|Any CPU
		{3169B0B4-BEC9-3A7C-24B8-37A6D3AAAC82}.Release|Any CPU.Build.0 = Release|Any CPU
		{FEF5DC42-8728-487E-0404-4FE024D4564C}.Debug|Any CPU.ActiveCfg = Debug|Any CPU
		{FEF5DC42-8728-487E-0404-4FE024D4564C}.Debug|Any CPU.Build.0 = Debug|Any CPU
		{FEF5DC42-8728-487E-0404-4FE024D4564C}.Release|Any CPU.ActiveCfg = Release|Any CPU
		{FEF5DC42-8728-487E-0404-4FE024D4564C}.Release|Any CPU.Build.0 = Release|Any CPU
	EndGlobalSection
	GlobalSection(SolutionProperties) = preSolution
		HideSolutionNode = FALSE
	EndGlobalSection
EndGlobal
